// !$*UTF8*$!
{
	archiveVersion = 1;
	classes = {
	};
	objectVersion = 55;
	objects = {

/* Begin PBXBuildFile section */
		F786428E283E4F5B00C0910B /* Bluedot_Geofencing_App_SwiftuiApp.swift in Sources */ = {isa = PBXBuildFile; fileRef = F786428D283E4F5B00C0910B /* Bluedot_Geofencing_App_SwiftuiApp.swift */; };
		F7864290283E4F5B00C0910B /* MapView.swift in Sources */ = {isa = PBXBuildFile; fileRef = F786428F283E4F5B00C0910B /* MapView.swift */; };
		F7864292283E4F5D00C0910B /* Assets.xcassets in Resources */ = {isa = PBXBuildFile; fileRef = F7864291283E4F5D00C0910B /* Assets.xcassets */; };
		F7864295283E4F5D00C0910B /* Preview Assets.xcassets in Resources */ = {isa = PBXBuildFile; fileRef = F7864294283E4F5D00C0910B /* Preview Assets.xcassets */; };
		F786429F283E4F5D00C0910B /* Bluedot_Geofencing_App_SwiftuiTests.swift in Sources */ = {isa = PBXBuildFile; fileRef = F786429E283E4F5D00C0910B /* Bluedot_Geofencing_App_SwiftuiTests.swift */; };
		F78642A9283E4F5D00C0910B /* Bluedot_Geofencing_App_SwiftuiUITests.swift in Sources */ = {isa = PBXBuildFile; fileRef = F78642A8283E4F5D00C0910B /* Bluedot_Geofencing_App_SwiftuiUITests.swift */; };
		F78642AB283E4F5D00C0910B /* Bluedot_Geofencing_App_SwiftuiUITestsLaunchTests.swift in Sources */ = {isa = PBXBuildFile; fileRef = F78642AA283E4F5D00C0910B /* Bluedot_Geofencing_App_SwiftuiUITestsLaunchTests.swift */; };
		F7C6F3F8283E532700FA024B /* MapViewModel.swift in Sources */ = {isa = PBXBuildFile; fileRef = F7C6F3F7283E532700FA024B /* MapViewModel.swift */; };
/* End PBXBuildFile section */

/* Begin PBXContainerItemProxy section */
		F786429B283E4F5D00C0910B /* PBXContainerItemProxy */ = {
			isa = PBXContainerItemProxy;
			containerPortal = F7864282283E4F5B00C0910B /* Project object */;
			proxyType = 1;
			remoteGlobalIDString = F7864289283E4F5B00C0910B;
			remoteInfo = "Bluedot Geofencing App Swiftui";
		};
		F78642A5283E4F5D00C0910B /* PBXContainerItemProxy */ = {
			isa = PBXContainerItemProxy;
			containerPortal = F7864282283E4F5B00C0910B /* Project object */;
			proxyType = 1;
			remoteGlobalIDString = F7864289283E4F5B00C0910B;
			remoteInfo = "Bluedot Geofencing App Swiftui";
		};
/* End PBXContainerItemProxy section */

/* Begin PBXFileReference section */
		F786428A283E4F5B00C0910B /* Bluedot Geofencing App Swiftui.app */ = {isa = PBXFileReference; explicitFileType = wrapper.application; includeInIndex = 0; path = "Bluedot Geofencing App Swiftui.app"; sourceTree = BUILT_PRODUCTS_DIR; };
		F786428D283E4F5B00C0910B /* Bluedot_Geofencing_App_SwiftuiApp.swift */ = {isa = PBXFileReference; lastKnownFileType = sourcecode.swift; path = Bluedot_Geofencing_App_SwiftuiApp.swift; sourceTree = "<group>"; };
		F786428F283E4F5B00C0910B /* MapView.swift */ = {isa = PBXFileReference; lastKnownFileType = sourcecode.swift; path = MapView.swift; sourceTree = "<group>"; };
		F7864291283E4F5D00C0910B /* Assets.xcassets */ = {isa = PBXFileReference; lastKnownFileType = folder.assetcatalog; path = Assets.xcassets; sourceTree = "<group>"; };
		F7864294283E4F5D00C0910B /* Preview Assets.xcassets */ = {isa = PBXFileReference; lastKnownFileType = folder.assetcatalog; path = "Preview Assets.xcassets"; sourceTree = "<group>"; };
		F786429A283E4F5D00C0910B /* Bluedot Geofencing App SwiftuiTests.xctest */ = {isa = PBXFileReference; explicitFileType = wrapper.cfbundle; includeInIndex = 0; path = "Bluedot Geofencing App SwiftuiTests.xctest"; sourceTree = BUILT_PRODUCTS_DIR; };
		F786429E283E4F5D00C0910B /* Bluedot_Geofencing_App_SwiftuiTests.swift */ = {isa = PBXFileReference; lastKnownFileType = sourcecode.swift; path = Bluedot_Geofencing_App_SwiftuiTests.swift; sourceTree = "<group>"; };
		F78642A4283E4F5D00C0910B /* Bluedot Geofencing App SwiftuiUITests.xctest */ = {isa = PBXFileReference; explicitFileType = wrapper.cfbundle; includeInIndex = 0; path = "Bluedot Geofencing App SwiftuiUITests.xctest"; sourceTree = BUILT_PRODUCTS_DIR; };
		F78642A8283E4F5D00C0910B /* Bluedot_Geofencing_App_SwiftuiUITests.swift */ = {isa = PBXFileReference; lastKnownFileType = sourcecode.swift; path = Bluedot_Geofencing_App_SwiftuiUITests.swift; sourceTree = "<group>"; };
		F78642AA283E4F5D00C0910B /* Bluedot_Geofencing_App_SwiftuiUITestsLaunchTests.swift */ = {isa = PBXFileReference; lastKnownFileType = sourcecode.swift; path = Bluedot_Geofencing_App_SwiftuiUITestsLaunchTests.swift; sourceTree = "<group>"; };
		F7C6F3F7283E532700FA024B /* MapViewModel.swift */ = {isa = PBXFileReference; lastKnownFileType = sourcecode.swift; path = MapViewModel.swift; sourceTree = "<group>"; };
		F7C6F3F9283E578A00FA024B /* Bluedot-Geofencing-App-Swiftui-Info.plist */ = {isa = PBXFileReference; lastKnownFileType = text.plist; path = "Bluedot-Geofencing-App-Swiftui-Info.plist"; sourceTree = SOURCE_ROOT; };
/* End PBXFileReference section */

/* Begin PBXFrameworksBuildPhase section */
		F7864287283E4F5B00C0910B /* Frameworks */ = {
			isa = PBXFrameworksBuildPhase;
			buildActionMask = 2147483647;
			files = (
			);
			runOnlyForDeploymentPostprocessing = 0;
		};
		F7864297283E4F5D00C0910B /* Frameworks */ = {
			isa = PBXFrameworksBuildPhase;
			buildActionMask = 2147483647;
			files = (
			);
			runOnlyForDeploymentPostprocessing = 0;
		};
		F78642A1283E4F5D00C0910B /* Frameworks */ = {
			isa = PBXFrameworksBuildPhase;
			buildActionMask = 2147483647;
			files = (
			);
			runOnlyForDeploymentPostprocessing = 0;
		};
/* End PBXFrameworksBuildPhase section */

/* Begin PBXGroup section */
		F7864281283E4F5B00C0910B = {
			isa = PBXGroup;
			children = (
				F786428C283E4F5B00C0910B /* Bluedot Geofencing App Swiftui */,
				F786429D283E4F5D00C0910B /* Bluedot Geofencing App SwiftuiTests */,
				F78642A7283E4F5D00C0910B /* Bluedot Geofencing App SwiftuiUITests */,
				F786428B283E4F5B00C0910B /* Products */,
			);
			sourceTree = "<group>";
		};
		F786428B283E4F5B00C0910B /* Products */ = {
			isa = PBXGroup;
			children = (
				F786428A283E4F5B00C0910B /* Bluedot Geofencing App Swiftui.app */,
				F786429A283E4F5D00C0910B /* Bluedot Geofencing App SwiftuiTests.xctest */,
				F78642A4283E4F5D00C0910B /* Bluedot Geofencing App SwiftuiUITests.xctest */,
			);
			name = Products;
			sourceTree = "<group>";
		};
		F786428C283E4F5B00C0910B /* Bluedot Geofencing App Swiftui */ = {
			isa = PBXGroup;
			children = (
				F7C6F3F9283E578A00FA024B /* Bluedot-Geofencing-App-Swiftui-Info.plist */,
				F786428D283E4F5B00C0910B /* Bluedot_Geofencing_App_SwiftuiApp.swift */,
				F7C6F3F5283E52DB00FA024B /* ViewModel */,
				F7C6F3F4283E52D200FA024B /* View */,
				F7864291283E4F5D00C0910B /* Assets.xcassets */,
				F7864293283E4F5D00C0910B /* Preview Content */,
			);
			path = "Bluedot Geofencing App Swiftui";
			sourceTree = "<group>";
		};
		F7864293283E4F5D00C0910B /* Preview Content */ = {
			isa = PBXGroup;
			children = (
				F7864294283E4F5D00C0910B /* Preview Assets.xcassets */,
			);
			path = "Preview Content";
			sourceTree = "<group>";
		};
		F786429D283E4F5D00C0910B /* Bluedot Geofencing App SwiftuiTests */ = {
			isa = PBXGroup;
			children = (
				F786429E283E4F5D00C0910B /* Bluedot_Geofencing_App_SwiftuiTests.swift */,
			);
			path = "Bluedot Geofencing App SwiftuiTests";
			sourceTree = "<group>";
		};
		F78642A7283E4F5D00C0910B /* Bluedot Geofencing App SwiftuiUITests */ = {
			isa = PBXGroup;
			children = (
				F78642A8283E4F5D00C0910B /* Bluedot_Geofencing_App_SwiftuiUITests.swift */,
				F78642AA283E4F5D00C0910B /* Bluedot_Geofencing_App_SwiftuiUITestsLaunchTests.swift */,
			);
			path = "Bluedot Geofencing App SwiftuiUITests";
			sourceTree = "<group>";
		};
		F7C6F3F4283E52D200FA024B /* View */ = {
			isa = PBXGroup;
			children = (
				F786428F283E4F5B00C0910B /* MapView.swift */,
			);
			path = View;
			sourceTree = "<group>";
		};
		F7C6F3F5283E52DB00FA024B /* ViewModel */ = {
			isa = PBXGroup;
			children = (
				F7C6F3F7283E532700FA024B /* MapViewModel.swift */,
			);
			path = ViewModel;
			sourceTree = "<group>";
		};
/* End PBXGroup section */

/* Begin PBXNativeTarget section */
		F7864289283E4F5B00C0910B /* Bluedot Geofencing App Swiftui */ = {
			isa = PBXNativeTarget;
			buildConfigurationList = F78642AE283E4F5D00C0910B /* Build configuration list for PBXNativeTarget "Bluedot Geofencing App Swiftui" */;
			buildPhases = (
				F7864286283E4F5B00C0910B /* Sources */,
				F7864287283E4F5B00C0910B /* Frameworks */,
				F7864288283E4F5B00C0910B /* Resources */,
			);
			buildRules = (
			);
			dependencies = (
			);
			name = "Bluedot Geofencing App Swiftui";
			productName = "Bluedot Geofencing App Swiftui";
			productReference = F786428A283E4F5B00C0910B /* Bluedot Geofencing App Swiftui.app */;
			productType = "com.apple.product-type.application";
		};
		F7864299283E4F5D00C0910B /* Bluedot Geofencing App SwiftuiTests */ = {
			isa = PBXNativeTarget;
			buildConfigurationList = F78642B1283E4F5D00C0910B /* Build configuration list for PBXNativeTarget "Bluedot Geofencing App SwiftuiTests" */;
			buildPhases = (
				F7864296283E4F5D00C0910B /* Sources */,
				F7864297283E4F5D00C0910B /* Frameworks */,
				F7864298283E4F5D00C0910B /* Resources */,
			);
			buildRules = (
			);
			dependencies = (
				F786429C283E4F5D00C0910B /* PBXTargetDependency */,
			);
			name = "Bluedot Geofencing App SwiftuiTests";
			productName = "Bluedot Geofencing App SwiftuiTests";
			productReference = F786429A283E4F5D00C0910B /* Bluedot Geofencing App SwiftuiTests.xctest */;
			productType = "com.apple.product-type.bundle.unit-test";
		};
		F78642A3283E4F5D00C0910B /* Bluedot Geofencing App SwiftuiUITests */ = {
			isa = PBXNativeTarget;
			buildConfigurationList = F78642B4283E4F5D00C0910B /* Build configuration list for PBXNativeTarget "Bluedot Geofencing App SwiftuiUITests" */;
			buildPhases = (
				F78642A0283E4F5D00C0910B /* Sources */,
				F78642A1283E4F5D00C0910B /* Frameworks */,
				F78642A2283E4F5D00C0910B /* Resources */,
			);
			buildRules = (
			);
			dependencies = (
				F78642A6283E4F5D00C0910B /* PBXTargetDependency */,
			);
			name = "Bluedot Geofencing App SwiftuiUITests";
			productName = "Bluedot Geofencing App SwiftuiUITests";
			productReference = F78642A4283E4F5D00C0910B /* Bluedot Geofencing App SwiftuiUITests.xctest */;
			productType = "com.apple.product-type.bundle.ui-testing";
		};
/* End PBXNativeTarget section */

/* Begin PBXProject section */
		F7864282283E4F5B00C0910B /* Project object */ = {
			isa = PBXProject;
			attributes = {
				BuildIndependentTargetsInParallel = 1;
				LastSwiftUpdateCheck = 1340;
				LastUpgradeCheck = 1340;
				TargetAttributes = {
					F7864289283E4F5B00C0910B = {
						CreatedOnToolsVersion = 13.4;
					};
					F7864299283E4F5D00C0910B = {
						CreatedOnToolsVersion = 13.4;
						TestTargetID = F7864289283E4F5B00C0910B;
					};
					F78642A3283E4F5D00C0910B = {
						CreatedOnToolsVersion = 13.4;
						TestTargetID = F7864289283E4F5B00C0910B;
					};
				};
			};
			buildConfigurationList = F7864285283E4F5B00C0910B /* Build configuration list for PBXProject "Bluedot Geofencing App Swiftui" */;
			compatibilityVersion = "Xcode 13.0";
			developmentRegion = en;
			hasScannedForEncodings = 0;
			knownRegions = (
				en,
				Base,
			);
			mainGroup = F7864281283E4F5B00C0910B;
			productRefGroup = F786428B283E4F5B00C0910B /* Products */;
			projectDirPath = "";
			projectRoot = "";
			targets = (
				F7864289283E4F5B00C0910B /* Bluedot Geofencing App Swiftui */,
				F7864299283E4F5D00C0910B /* Bluedot Geofencing App SwiftuiTests */,
				F78642A3283E4F5D00C0910B /* Bluedot Geofencing App SwiftuiUITests */,
			);
		};
/* End PBXProject section */

/* Begin PBXResourcesBuildPhase section */
		F7864288283E4F5B00C0910B /* Resources */ = {
			isa = PBXResourcesBuildPhase;
			buildActionMask = 2147483647;
			files = (
				F7864295283E4F5D00C0910B /* Preview Assets.xcassets in Resources */,
				F7864292283E4F5D00C0910B /* Assets.xcassets in Resources */,
			);
			runOnlyForDeploymentPostprocessing = 0;
		};
		F7864298283E4F5D00C0910B /* Resources */ = {
			isa = PBXResourcesBuildPhase;
			buildActionMask = 2147483647;
			files = (
			);
			runOnlyForDeploymentPostprocessing = 0;
		};
		F78642A2283E4F5D00C0910B /* Resources */ = {
			isa = PBXResourcesBuildPhase;
			buildActionMask = 2147483647;
			files = (
			);
			runOnlyForDeploymentPostprocessing = 0;
		};
/* End PBXResourcesBuildPhase section */

/* Begin PBXSourcesBuildPhase section */
		F7864286283E4F5B00C0910B /* Sources */ = {
			isa = PBXSourcesBuildPhase;
			buildActionMask = 2147483647;
			files = (
				F7864290283E4F5B00C0910B /* MapView.swift in Sources */,
				F786428E283E4F5B00C0910B /* Bluedot_Geofencing_App_SwiftuiApp.swift in Sources */,
				F7C6F3F8283E532700FA024B /* MapViewModel.swift in Sources */,
			);
			runOnlyForDeploymentPostprocessing = 0;
		};
		F7864296283E4F5D00C0910B /* Sources */ = {
			isa = PBXSourcesBuildPhase;
			buildActionMask = 2147483647;
			files = (
				F786429F283E4F5D00C0910B /* Bluedot_Geofencing_App_SwiftuiTests.swift in Sources */,
			);
			runOnlyForDeploymentPostprocessing = 0;
		};
		F78642A0283E4F5D00C0910B /* Sources */ = {
			isa = PBXSourcesBuildPhase;
			buildActionMask = 2147483647;
			files = (
				F78642A9283E4F5D00C0910B /* Bluedot_Geofencing_App_SwiftuiUITests.swift in Sources */,
				F78642AB283E4F5D00C0910B /* Bluedot_Geofencing_App_SwiftuiUITestsLaunchTests.swift in Sources */,
			);
			runOnlyForDeploymentPostprocessing = 0;
		};
/* End PBXSourcesBuildPhase section */

/* Begin PBXTargetDependency section */
		F786429C283E4F5D00C0910B /* PBXTargetDependency */ = {
			isa = PBXTargetDependency;
			target = F7864289283E4F5B00C0910B /* Bluedot Geofencing App Swiftui */;
			targetProxy = F786429B283E4F5D00C0910B /* PBXContainerItemProxy */;
		};
		F78642A6283E4F5D00C0910B /* PBXTargetDependency */ = {
			isa = PBXTargetDependency;
			target = F7864289283E4F5B00C0910B /* Bluedot Geofencing App Swiftui */;
			targetProxy = F78642A5283E4F5D00C0910B /* PBXContainerItemProxy */;
		};
/* End PBXTargetDependency section */

/* Begin XCBuildConfiguration section */
		F78642AC283E4F5D00C0910B /* Debug */ = {
			isa = XCBuildConfiguration;
			buildSettings = {
				ALWAYS_SEARCH_USER_PATHS = NO;
				CLANG_ANALYZER_NONNULL = YES;
				CLANG_ANALYZER_NUMBER_OBJECT_CONVERSION = YES_AGGRESSIVE;
				CLANG_CXX_LANGUAGE_STANDARD = "gnu++17";
				CLANG_ENABLE_MODULES = YES;
				CLANG_ENABLE_OBJC_ARC = YES;
				CLANG_ENABLE_OBJC_WEAK = YES;
				CLANG_WARN_BLOCK_CAPTURE_AUTORELEASING = YES;
				CLANG_WARN_BOOL_CONVERSION = YES;
				CLANG_WARN_COMMA = YES;
				CLANG_WARN_CONSTANT_CONVERSION = YES;
				CLANG_WARN_DEPRECATED_OBJC_IMPLEMENTATIONS = YES;
				CLANG_WARN_DIRECT_OBJC_ISA_USAGE = YES_ERROR;
				CLANG_WARN_DOCUMENTATION_COMMENTS = YES;
				CLANG_WARN_EMPTY_BODY = YES;
				CLANG_WARN_ENUM_CONVERSION = YES;
				CLANG_WARN_INFINITE_RECURSION = YES;
				CLANG_WARN_INT_CONVERSION = YES;
				CLANG_WARN_NON_LITERAL_NULL_CONVERSION = YES;
				CLANG_WARN_OBJC_IMPLICIT_RETAIN_SELF = YES;
				CLANG_WARN_OBJC_LITERAL_CONVERSION = YES;
				CLANG_WARN_OBJC_ROOT_CLASS = YES_ERROR;
				CLANG_WARN_QUOTED_INCLUDE_IN_FRAMEWORK_HEADER = YES;
				CLANG_WARN_RANGE_LOOP_ANALYSIS = YES;
				CLANG_WARN_STRICT_PROTOTYPES = YES;
				CLANG_WARN_SUSPICIOUS_MOVE = YES;
				CLANG_WARN_UNGUARDED_AVAILABILITY = YES_AGGRESSIVE;
				CLANG_WARN_UNREACHABLE_CODE = YES;
				CLANG_WARN__DUPLICATE_METHOD_MATCH = YES;
				COPY_PHASE_STRIP = NO;
				DEBUG_INFORMATION_FORMAT = dwarf;
				ENABLE_STRICT_OBJC_MSGSEND = YES;
				ENABLE_TESTABILITY = YES;
				GCC_C_LANGUAGE_STANDARD = gnu11;
				GCC_DYNAMIC_NO_PIC = NO;
				GCC_NO_COMMON_BLOCKS = YES;
				GCC_OPTIMIZATION_LEVEL = 0;
				GCC_PREPROCESSOR_DEFINITIONS = (
					"DEBUG=1",
					"$(inherited)",
				);
				GCC_WARN_64_TO_32_BIT_CONVERSION = YES;
				GCC_WARN_ABOUT_RETURN_TYPE = YES_ERROR;
				GCC_WARN_UNDECLARED_SELECTOR = YES;
				GCC_WARN_UNINITIALIZED_AUTOS = YES_AGGRESSIVE;
				GCC_WARN_UNUSED_FUNCTION = YES;
				GCC_WARN_UNUSED_VARIABLE = YES;
				IPHONEOS_DEPLOYMENT_TARGET = 15.5;
				MTL_ENABLE_DEBUG_INFO = INCLUDE_SOURCE;
				MTL_FAST_MATH = YES;
				ONLY_ACTIVE_ARCH = YES;
				SDKROOT = iphoneos;
				SWIFT_ACTIVE_COMPILATION_CONDITIONS = DEBUG;
				SWIFT_OPTIMIZATION_LEVEL = "-Onone";
			};
			name = Debug;
		};
		F78642AD283E4F5D00C0910B /* Release */ = {
			isa = XCBuildConfiguration;
			buildSettings = {
				ALWAYS_SEARCH_USER_PATHS = NO;
				CLANG_ANALYZER_NONNULL = YES;
				CLANG_ANALYZER_NUMBER_OBJECT_CONVERSION = YES_AGGRESSIVE;
				CLANG_CXX_LANGUAGE_STANDARD = "gnu++17";
				CLANG_ENABLE_MODULES = YES;
				CLANG_ENABLE_OBJC_ARC = YES;
				CLANG_ENABLE_OBJC_WEAK = YES;
				CLANG_WARN_BLOCK_CAPTURE_AUTORELEASING = YES;
				CLANG_WARN_BOOL_CONVERSION = YES;
				CLANG_WARN_COMMA = YES;
				CLANG_WARN_CONSTANT_CONVERSION = YES;
				CLANG_WARN_DEPRECATED_OBJC_IMPLEMENTATIONS = YES;
				CLANG_WARN_DIRECT_OBJC_ISA_USAGE = YES_ERROR;
				CLANG_WARN_DOCUMENTATION_COMMENTS = YES;
				CLANG_WARN_EMPTY_BODY = YES;
				CLANG_WARN_ENUM_CONVERSION = YES;
				CLANG_WARN_INFINITE_RECURSION = YES;
				CLANG_WARN_INT_CONVERSION = YES;
				CLANG_WARN_NON_LITERAL_NULL_CONVERSION = YES;
				CLANG_WARN_OBJC_IMPLICIT_RETAIN_SELF = YES;
				CLANG_WARN_OBJC_LITERAL_CONVERSION = YES;
				CLANG_WARN_OBJC_ROOT_CLASS = YES_ERROR;
				CLANG_WARN_QUOTED_INCLUDE_IN_FRAMEWORK_HEADER = YES;
				CLANG_WARN_RANGE_LOOP_ANALYSIS = YES;
				CLANG_WARN_STRICT_PROTOTYPES = YES;
				CLANG_WARN_SUSPICIOUS_MOVE = YES;
				CLANG_WARN_UNGUARDED_AVAILABILITY = YES_AGGRESSIVE;
				CLANG_WARN_UNREACHABLE_CODE = YES;
				CLANG_WARN__DUPLICATE_METHOD_MATCH = YES;
				COPY_PHASE_STRIP = NO;
				DEBUG_INFORMATION_FORMAT = "dwarf-with-dsym";
				ENABLE_NS_ASSERTIONS = NO;
				ENABLE_STRICT_OBJC_MSGSEND = YES;
				GCC_C_LANGUAGE_STANDARD = gnu11;
				GCC_NO_COMMON_BLOCKS = YES;
				GCC_WARN_64_TO_32_BIT_CONVERSION = YES;
				GCC_WARN_ABOUT_RETURN_TYPE = YES_ERROR;
				GCC_WARN_UNDECLARED_SELECTOR = YES;
				GCC_WARN_UNINITIALIZED_AUTOS = YES_AGGRESSIVE;
				GCC_WARN_UNUSED_FUNCTION = YES;
				GCC_WARN_UNUSED_VARIABLE = YES;
				IPHONEOS_DEPLOYMENT_TARGET = 15.5;
				MTL_ENABLE_DEBUG_INFO = NO;
				MTL_FAST_MATH = YES;
				SDKROOT = iphoneos;
				SWIFT_COMPILATION_MODE = wholemodule;
				SWIFT_OPTIMIZATION_LEVEL = "-O";
				VALIDATE_PRODUCT = YES;
			};
			name = Release;
		};
		F78642AF283E4F5D00C0910B /* Debug */ = {
			isa = XCBuildConfiguration;
			buildSettings = {
				ASSETCATALOG_COMPILER_APPICON_NAME = AppIcon;
				ASSETCATALOG_COMPILER_GLOBAL_ACCENT_COLOR_NAME = AccentColor;
				CODE_SIGN_STYLE = Automatic;
				CURRENT_PROJECT_VERSION = 1;
				DEVELOPMENT_ASSET_PATHS = "\"Bluedot Geofencing App Swiftui/Preview Content\"";
				DEVELOPMENT_TEAM = P92RR4VW48;
				ENABLE_PREVIEWS = YES;
				GENERATE_INFOPLIST_FILE = YES;
				INFOPLIST_FILE = "Bluedot-Geofencing-App-Swiftui-Info.plist";
				INFOPLIST_KEY_NSLocationWhenInUseUsageDescription = "The App needs to access the location to show user location on the map";
				INFOPLIST_KEY_UIApplicationSceneManifest_Generation = YES;
				INFOPLIST_KEY_UIApplicationSupportsIndirectInputEvents = YES;
				INFOPLIST_KEY_UILaunchScreen_Generation = YES;
				INFOPLIST_KEY_UISupportedInterfaceOrientations_iPad = "UIInterfaceOrientationPortrait UIInterfaceOrientationPortraitUpsideDown UIInterfaceOrientationLandscapeLeft UIInterfaceOrientationLandscapeRight";
				INFOPLIST_KEY_UISupportedInterfaceOrientations_iPhone = "UIInterfaceOrientationPortrait UIInterfaceOrientationLandscapeLeft UIInterfaceOrientationLandscapeRight";
				LD_RUNPATH_SEARCH_PATHS = (
					"$(inherited)",
					"@executable_path/Frameworks",
				);
				MARKETING_VERSION = 1.0;
				PRODUCT_BUNDLE_IDENTIFIER = "com.gurjitsingh.Bluedot-Geofencing-App-Swiftui";
				PRODUCT_NAME = "$(TARGET_NAME)";
				SWIFT_EMIT_LOC_STRINGS = YES;
				SWIFT_VERSION = 5.0;
				TARGETED_DEVICE_FAMILY = "1,2";
			};
			name = Debug;
		};
		F78642B0283E4F5D00C0910B /* Release */ = {
			isa = XCBuildConfiguration;
			buildSettings = {
				ASSETCATALOG_COMPILER_APPICON_NAME = AppIcon;
				ASSETCATALOG_COMPILER_GLOBAL_ACCENT_COLOR_NAME = AccentColor;
				CODE_SIGN_STYLE = Automatic;
				CURRENT_PROJECT_VERSION = 1;
				DEVELOPMENT_ASSET_PATHS = "\"Bluedot Geofencing App Swiftui/Preview Content\"";
				DEVELOPMENT_TEAM = P92RR4VW48;
				ENABLE_PREVIEWS = YES;
				GENERATE_INFOPLIST_FILE = YES;
				INFOPLIST_FILE = "Bluedot-Geofencing-App-Swiftui-Info.plist";
				INFOPLIST_KEY_NSLocationWhenInUseUsageDescription = "The App needs to access the location to show user location on the map";
				INFOPLIST_KEY_UIApplicationSceneManifest_Generation = YES;
				INFOPLIST_KEY_UIApplicationSupportsIndirectInputEvents = YES;
				INFOPLIST_KEY_UILaunchScreen_Generation = YES;
				INFOPLIST_KEY_UISupportedInterfaceOrientations_iPad = "UIInterfaceOrientationPortrait UIInterfaceOrientationPortraitUpsideDown UIInterfaceOrientationLandscapeLeft UIInterfaceOrientationLandscapeRight";
				INFOPLIST_KEY_UISupportedInterfaceOrientations_iPhone = "UIInterfaceOrientationPortrait UIInterfaceOrientationLandscapeLeft UIInterfaceOrientationLandscapeRight";
				LD_RUNPATH_SEARCH_PATHS = (
					"$(inherited)",
					"@executable_path/Frameworks",
				);
				MARKETING_VERSION = 1.0;
				PRODUCT_BUNDLE_IDENTIFIER = "com.gurjitsingh.Bluedot-Geofencing-App-Swiftui";
				PRODUCT_NAME = "$(TARGET_NAME)";
				SWIFT_EMIT_LOC_STRINGS = YES;
				SWIFT_VERSION = 5.0;
				TARGETED_DEVICE_FAMILY = "1,2";
			};
			name = Release;
		};
		F78642B2283E4F5D00C0910B /* Debug */ = {
			isa = XCBuildConfiguration;
			buildSettings = {
				ALWAYS_EMBED_SWIFT_STANDARD_LIBRARIES = YES;
				BUNDLE_LOADER = "$(TEST_HOST)";
				CODE_SIGN_STYLE = Automatic;
				CURRENT_PROJECT_VERSION = 1;
				DEVELOPMENT_TEAM = P92RR4VW48;
				GENERATE_INFOPLIST_FILE = YES;
				IPHONEOS_DEPLOYMENT_TARGET = 15.5;
				MARKETING_VERSION = 1.0;
				PRODUCT_BUNDLE_IDENTIFIER = "com.gurjitsingh.Bluedot-Geofencing-App-SwiftuiTests";
				PRODUCT_NAME = "$(TARGET_NAME)";
				SWIFT_EMIT_LOC_STRINGS = NO;
				SWIFT_VERSION = 5.0;
				TARGETED_DEVICE_FAMILY = "1,2";
				TEST_HOST = "$(BUILT_PRODUCTS_DIR)/Bluedot Geofencing App Swiftui.app/Bluedot Geofencing App Swiftui";
			};
			name = Debug;
		};
		F78642B3283E4F5D00C0910B /* Release */ = {
			isa = XCBuildConfiguration;
			buildSettings = {
				ALWAYS_EMBED_SWIFT_STANDARD_LIBRARIES = YES;
				BUNDLE_LOADER = "$(TEST_HOST)";
				CODE_SIGN_STYLE = Automatic;
				CURRENT_PROJECT_VERSION = 1;
				DEVELOPMENT_TEAM = P92RR4VW48;
				GENERATE_INFOPLIST_FILE = YES;
				IPHONEOS_DEPLOYMENT_TARGET = 15.5;
				MARKETING_VERSION = 1.0;
				PRODUCT_BUNDLE_IDENTIFIER = "com.gurjitsingh.Bluedot-Geofencing-App-SwiftuiTests";
				PRODUCT_NAME = "$(TARGET_NAME)";
				SWIFT_EMIT_LOC_STRINGS = NO;
				SWIFT_VERSION = 5.0;
				TARGETED_DEVICE_FAMILY = "1,2";
				TEST_HOST = "$(BUILT_PRODUCTS_DIR)/Bluedot Geofencing App Swiftui.app/Bluedot Geofencing App Swiftui";
			};
			name = Release;
		};
		F78642B5283E4F5D00C0910B /* Debug */ = {
			isa = XCBuildConfiguration;
			buildSettings = {
				ALWAYS_EMBED_SWIFT_STANDARD_LIBRARIES = YES;
				CODE_SIGN_STYLE = Automatic;
				CURRENT_PROJECT_VERSION = 1;
				DEVELOPMENT_TEAM = P92RR4VW48;
				GENERATE_INFOPLIST_FILE = YES;
				MARKETING_VERSION = 1.0;
				PRODUCT_BUNDLE_IDENTIFIER = "com.gurjitsingh.Bluedot-Geofencing-App-SwiftuiUITests";
				PRODUCT_NAME = "$(TARGET_NAME)";
				SWIFT_EMIT_LOC_STRINGS = NO;
				SWIFT_VERSION = 5.0;
				TARGETED_DEVICE_FAMILY = "1,2";
				TEST_TARGET_NAME = "Bluedot Geofencing App Swiftui";
			};
			name = Debug;
		};
		F78642B6283E4F5D00C0910B /* Release */ = {
			isa = XCBuildConfiguration;
			buildSettings = {
				ALWAYS_EMBED_SWIFT_STANDARD_LIBRARIES = YES;
				CODE_SIGN_STYLE = Automatic;
				CURRENT_PROJECT_VERSION = 1;
				DEVELOPMENT_TEAM = P92RR4VW48;
				GENERATE_INFOPLIST_FILE = YES;
				MARKETING_VERSION = 1.0;
				PRODUCT_BUNDLE_IDENTIFIER = "com.gurjitsingh.Bluedot-Geofencing-App-SwiftuiUITests";
				PRODUCT_NAME = "$(TARGET_NAME)";
				SWIFT_EMIT_LOC_STRINGS = NO;
				SWIFT_VERSION = 5.0;
				TARGETED_DEVICE_FAMILY = "1,2";
				TEST_TARGET_NAME = "Bluedot Geofencing App Swiftui";
			};
			name = Release;
		};
/* End XCBuildConfiguration section */

/* Begin XCConfigurationList section */
		F7864285283E4F5B00C0910B /* Build configuration list for PBXProject "Bluedot Geofencing App Swiftui" */ = {
			isa = XCConfigurationList;
			buildConfigurations = (
				F78642AC283E4F5D00C0910B /* Debug */,
				F78642AD283E4F5D00C0910B /* Release */,
			);
			defaultConfigurationIsVisible = 0;
			defaultConfigurationName = Release;
		};
		F78642AE283E4F5D00C0910B /* Build configuration list for PBXNativeTarget "Bluedot Geofencing App Swiftui" */ = {
			isa = XCConfigurationList;
			buildConfigurations = (
				F78642AF283E4F5D00C0910B /* Debug */,
				F78642B0283E4F5D00C0910B /* Release */,
			);
			defaultConfigurationIsVisible = 0;
			defaultConfigurationName = Release;
		};
		F78642B1283E4F5D00C0910B /* Build configuration list for PBXNativeTarget "Bluedot Geofencing App SwiftuiTests" */ = {
			isa = XCConfigurationList;
			buildConfigurations = (
				F78642B2283E4F5D00C0910B /* Debug */,
				F78642B3283E4F5D00C0910B /* Release */,
			);
			defaultConfigurationIsVisible = 0;
			defaultConfigurationName = Release;
		};
		F78642B4283E4F5D00C0910B /* Build configuration list for PBXNativeTarget "Bluedot Geofencing App SwiftuiUITests" */ = {
			isa = XCConfigurationList;
			buildConfigurations = (
				F78642B5283E4F5D00C0910B /* Debug */,
				F78642B6283E4F5D00C0910B /* Release */,
			);
			defaultConfigurationIsVisible = 0;
			defaultConfigurationName = Release;
		};
/* End XCConfigurationList section */
	};
	rootObject = F7864282283E4F5B00C0910B /* Project object */;
}
